
Microsoft Visual Studio Solution File, Format Version 12.00
# Visual Studio Version 17
VisualStudioVersion = 17.7.34221.43
MinimumVisualStudioVersion = 10.0.40219.1
Project("{8BC9CEB8-8B4A-11D0-8D11-00A0C91BC942}") = "CensorshipGenerator", "CensorshipGenerator.vcxproj", "{AC320B8D-3ABE-4E10-B436-3828A4B7A143}"
EndProject
Global
	GlobalSection(SolutionConfigurationPlatforms) = preSolution
		Debug|x64 = Debug|x64
		Debug|x86 = Debug|x86
		Release|x64 = Release|x64
		Release|x86 = Release|x86
	EndGlobalSection
	GlobalSection(ProjectConfigurationPlatforms) = postSolution
		{AC320B8D-3ABE-4E10-B436-3828A4B7A143}.Debug|x64.ActiveCfg = Debug|x64
		{AC320B8D-3ABE-4E10-B436-3828A4B7A143}.Debug|x64.Build.0 = Debug|x64
		{AC320B8D-3ABE-4E10-B436-3828A4B7A143}.Debug|x86.ActiveCfg = Debug|Win32
		{AC320B8D-3ABE-4E10-B436-3828A4B7A143}.Debug|x86.Build.0 = Debug|Win32
		{AC320B8D-3ABE-4E10-B436-3828A4B7A143}.Release|x64.ActiveCfg = Release|x64
		{AC320B8D-3ABE-4E10-B436-3828A4B7A143}.Release|x64.Build.0 = Release|x64
		{AC320B8D-3ABE-4E10-B436-3828A4B7A143}.Release|x86.ActiveCfg = Release|Win32
		{AC320B8D-3ABE-4E10-B436-3828A4B7A143}.Release|x86.Build.0 = Release|Win32
	EndGlobalSection
	GlobalSection(SolutionProperties) = preSolution
		HideSolutionNode = FALSE
	EndGlobalSection
	GlobalSection(ExtensibilityGlobals) = postSolution
		SolutionGuid = {E06A9535-0B6F-42DF-8C73-AF88541A20C9}
	EndGlobalSection
EndGlobal
